// !$*UTF8*$!
{
	archiveVersion = 1;
	classes = {
	};
	objectVersion = 48;
	objects = {

/* Begin PBXBuildFile section */
		BD0201DB1FB2B4A8008E945D /* LetterRing.swift in Sources */ = {isa = PBXBuildFile; fileRef = BD0201DA1FB2B4A8008E945D /* LetterRing.swift */; };
		BD0201DE1FB2BB2C008E945D /* LetterRingManager.swift in Sources */ = {isa = PBXBuildFile; fileRef = BD0201DD1FB2BB2C008E945D /* LetterRingManager.swift */; };
		BD0201E01FB2D0B6008E945D /* SpaceCraft.swift in Sources */ = {isa = PBXBuildFile; fileRef = BD0201DF1FB2D0B6008E945D /* SpaceCraft.swift */; };
		BD0201E31FB2DA6B008E945D /* Turret.swift in Sources */ = {isa = PBXBuildFile; fileRef = BD0201E21FB2DA6B008E945D /* Turret.swift */; };
		BD0201E51FB2E38A008E945D /* SpikeBall.swift in Sources */ = {isa = PBXBuildFile; fileRef = BD0201E41FB2E38A008E945D /* SpikeBall.swift */; };
		BD0201E71FB2E39F008E945D /* SpikeCorridor.swift in Sources */ = {isa = PBXBuildFile; fileRef = BD0201E61FB2E39F008E945D /* SpikeCorridor.swift */; };
		BD2B113C1FAC7046006D38FB /* exhaust.scnp in Resources */ = {isa = PBXBuildFile; fileRef = BD2B113A1FAC7046006D38FB /* exhaust.scnp */; };
		BD2B113D1FAC7046006D38FB /* smoke.png in Resources */ = {isa = PBXBuildFile; fileRef = BD2B113B1FAC7046006D38FB /* smoke.png */; };
		BD348C661FAD90110059F4FA /* CompassDirection.swift in Sources */ = {isa = PBXBuildFile; fileRef = BD348C651FAD90110059F4FA /* CompassDirection.swift */; };
		BD348C681FAD94910059F4FA /* BasicCharacter.swift in Sources */ = {isa = PBXBuildFile; fileRef = BD348C671FAD94910059F4FA /* BasicCharacter.swift */; };
		BD34F1591FB1A62900750CDD /* BoundaryPoints.swift in Sources */ = {isa = PBXBuildFile; fileRef = BD34F1581FB1A62900750CDD /* BoundaryPoints.swift */; };
		BD34F15B1FB1C34600750CDD /* LBPConfiguration.swift in Sources */ = {isa = PBXBuildFile; fileRef = BD34F15A1FB1C34600750CDD /* LBPConfiguration.swift */; };
		BD34F15D1FB1C36800750CDD /* RingCreator.swift in Sources */ = {isa = PBXBuildFile; fileRef = BD34F15C1FB1C36800750CDD /* RingCreator.swift */; };
		BD34F15F1FB1C63F00750CDD /* Encounter.swift in Sources */ = {isa = PBXBuildFile; fileRef = BD34F15E1FB1C63F00750CDD /* Encounter.swift */; };
		BD381DAE1FADBDEE008963A0 /* GameHelper.swift in Sources */ = {isa = PBXBuildFile; fileRef = BD381DAD1FADBDEE008963A0 /* GameHelper.swift */; };
		BD4217251FAC2F8300DB3E0F /* AppDelegate.swift in Sources */ = {isa = PBXBuildFile; fileRef = BD4217241FAC2F8300DB3E0F /* AppDelegate.swift */; };
		BD4217271FAC2F8300DB3E0F /* art.scnassets in Resources */ = {isa = PBXBuildFile; fileRef = BD4217261FAC2F8300DB3E0F /* art.scnassets */; };
		BD4217291FAC2F8300DB3E0F /* GameViewController.swift in Sources */ = {isa = PBXBuildFile; fileRef = BD4217281FAC2F8300DB3E0F /* GameViewController.swift */; };
		BD42172C1FAC2F8300DB3E0F /* Main.storyboard in Resources */ = {isa = PBXBuildFile; fileRef = BD42172A1FAC2F8300DB3E0F /* Main.storyboard */; };
		BD42172E1FAC2F8300DB3E0F /* Assets.xcassets in Resources */ = {isa = PBXBuildFile; fileRef = BD42172D1FAC2F8300DB3E0F /* Assets.xcassets */; };
		BD4217311FAC2F8300DB3E0F /* LaunchScreen.storyboard in Resources */ = {isa = PBXBuildFile; fileRef = BD42172F1FAC2F8300DB3E0F /* LaunchScreen.storyboard */; };
		BD45D5D91FAE9D900045BCA3 /* PlaneViewController.swift in Sources */ = {isa = PBXBuildFile; fileRef = BD45D5D81FAE9D900045BCA3 /* PlaneViewController.swift */; };
		BD45D5DB1FAE9EE10045BCA3 /* PointOfView.swift in Sources */ = {isa = PBXBuildFile; fileRef = BD45D5DA1FAE9EE10045BCA3 /* PointOfView.swift */; };
		BD45D5DF1FAEA0250045BCA3 /* Plane.swift in Sources */ = {isa = PBXBuildFile; fileRef = BD45D5DE1FAEA0250045BCA3 /* Plane.swift */; };
		BD45D5E11FAEAF380045BCA3 /* LetterBox.swift in Sources */ = {isa = PBXBuildFile; fileRef = BD45D5E01FAEAF380045BCA3 /* LetterBox.swift */; };
		BD45D5E31FAEAF4E0045BCA3 /* Cloud.swift in Sources */ = {isa = PBXBuildFile; fileRef = BD45D5E21FAEAF4E0045BCA3 /* Cloud.swift */; };
		BD45D5E91FAEBEAE0045BCA3 /* RingGenerator.swift in Sources */ = {isa = PBXBuildFile; fileRef = BD45D5E81FAEBEAE0045BCA3 /* RingGenerator.swift */; };
		BD45D5EB1FAEBFA50045BCA3 /* LetterEnum.swift in Sources */ = {isa = PBXBuildFile; fileRef = BD45D5EA1FAEBFA50045BCA3 /* LetterEnum.swift */; };
		BD45D5F11FAEC6050045BCA3 /* LetterRings.scn in Resources */ = {isa = PBXBuildFile; fileRef = BD45D5F01FAEC6050045BCA3 /* LetterRings.scn */; };
		BD47BCE31FAF19A800172B04 /* EnemyGenerator.swift in Sources */ = {isa = PBXBuildFile; fileRef = BD47BCE21FAF19A800172B04 /* EnemyGenerator.swift */; };
		BDD98E101FADC0F9007F71AF /* CollisionMask.swift in Sources */ = {isa = PBXBuildFile; fileRef = BDD98E0F1FADC0F9007F71AF /* CollisionMask.swift */; };
		BDE690041FB0C100002655BB /* Structures2.scn in Resources */ = {isa = PBXBuildFile; fileRef = BDE690031FB0C100002655BB /* Structures2.scn */; };
		BDE690061FB0CD25002655BB /* Plan in Resources */ = {isa = PBXBuildFile; fileRef = BDE690051FB0CD25002655BB /* Plan */; };
/* End PBXBuildFile section */

/* Begin PBXFileReference section */
		BD0201DA1FB2B4A8008E945D /* LetterRing.swift */ = {isa = PBXFileReference; lastKnownFileType = sourcecode.swift; path = LetterRing.swift; sourceTree = "<group>"; };
		BD0201DD1FB2BB2C008E945D /* LetterRingManager.swift */ = {isa = PBXFileReference; lastKnownFileType = sourcecode.swift; path = LetterRingManager.swift; sourceTree = "<group>"; };
		BD0201DF1FB2D0B6008E945D /* SpaceCraft.swift */ = {isa = PBXFileReference; lastKnownFileType = sourcecode.swift; path = SpaceCraft.swift; sourceTree = "<group>"; };
		BD0201E21FB2DA6B008E945D /* Turret.swift */ = {isa = PBXFileReference; lastKnownFileType = sourcecode.swift; path = Turret.swift; sourceTree = "<group>"; };
		BD0201E41FB2E38A008E945D /* SpikeBall.swift */ = {isa = PBXFileReference; lastKnownFileType = sourcecode.swift; path = SpikeBall.swift; sourceTree = "<group>"; };
		BD0201E61FB2E39F008E945D /* SpikeCorridor.swift */ = {isa = PBXFileReference; lastKnownFileType = sourcecode.swift; path = SpikeCorridor.swift; sourceTree = "<group>"; };
		BD2B113A1FAC7046006D38FB /* exhaust.scnp */ = {isa = PBXFileReference; lastKnownFileType = file.scp; path = exhaust.scnp; sourceTree = "<group>"; };
		BD2B113B1FAC7046006D38FB /* smoke.png */ = {isa = PBXFileReference; lastKnownFileType = image.png; path = smoke.png; sourceTree = "<group>"; };
		BD348C651FAD90110059F4FA /* CompassDirection.swift */ = {isa = PBXFileReference; lastKnownFileType = sourcecode.swift; path = CompassDirection.swift; sourceTree = "<group>"; };
		BD348C671FAD94910059F4FA /* BasicCharacter.swift */ = {isa = PBXFileReference; lastKnownFileType = sourcecode.swift; path = BasicCharacter.swift; sourceTree = "<group>"; };
		BD34F1581FB1A62900750CDD /* BoundaryPoints.swift */ = {isa = PBXFileReference; lastKnownFileType = sourcecode.swift; path = BoundaryPoints.swift; sourceTree = "<group>"; };
		BD34F15A1FB1C34600750CDD /* LBPConfiguration.swift */ = {isa = PBXFileReference; lastKnownFileType = sourcecode.swift; path = LBPConfiguration.swift; sourceTree = "<group>"; };
		BD34F15C1FB1C36800750CDD /* RingCreator.swift */ = {isa = PBXFileReference; lastKnownFileType = sourcecode.swift; path = RingCreator.swift; sourceTree = "<group>"; };
		BD34F15E1FB1C63F00750CDD /* Encounter.swift */ = {isa = PBXFileReference; lastKnownFileType = sourcecode.swift; path = Encounter.swift; sourceTree = "<group>"; };
		BD381DAD1FADBDEE008963A0 /* GameHelper.swift */ = {isa = PBXFileReference; lastKnownFileType = sourcecode.swift; path = GameHelper.swift; sourceTree = "<group>"; };
		BD4217211FAC2F8300DB3E0F /* Mine Racer.app */ = {isa = PBXFileReference; explicitFileType = wrapper.application; includeInIndex = 0; path = "Mine Racer.app"; sourceTree = BUILT_PRODUCTS_DIR; };
		BD4217241FAC2F8300DB3E0F /* AppDelegate.swift */ = {isa = PBXFileReference; lastKnownFileType = sourcecode.swift; path = AppDelegate.swift; sourceTree = "<group>"; };
		BD4217261FAC2F8300DB3E0F /* art.scnassets */ = {isa = PBXFileReference; lastKnownFileType = wrapper.scnassets; path = art.scnassets; sourceTree = "<group>"; };
		BD4217281FAC2F8300DB3E0F /* GameViewController.swift */ = {isa = PBXFileReference; lastKnownFileType = sourcecode.swift; path = GameViewController.swift; sourceTree = "<group>"; };
		BD42172B1FAC2F8300DB3E0F /* Base */ = {isa = PBXFileReference; lastKnownFileType = file.storyboard; name = Base; path = Base.lproj/Main.storyboard; sourceTree = "<group>"; };
		BD42172D1FAC2F8300DB3E0F /* Assets.xcassets */ = {isa = PBXFileReference; lastKnownFileType = folder.assetcatalog; path = Assets.xcassets; sourceTree = "<group>"; };
		BD4217301FAC2F8300DB3E0F /* Base */ = {isa = PBXFileReference; lastKnownFileType = file.storyboard; name = Base; path = Base.lproj/LaunchScreen.storyboard; sourceTree = "<group>"; };
		BD4217321FAC2F8300DB3E0F /* Info.plist */ = {isa = PBXFileReference; lastKnownFileType = text.plist.xml; path = Info.plist; sourceTree = "<group>"; };
		BD45D5D81FAE9D900045BCA3 /* PlaneViewController.swift */ = {isa = PBXFileReference; lastKnownFileType = sourcecode.swift; path = PlaneViewController.swift; sourceTree = "<group>"; };
		BD45D5DA1FAE9EE10045BCA3 /* PointOfView.swift */ = {isa = PBXFileReference; lastKnownFileType = sourcecode.swift; path = PointOfView.swift; sourceTree = "<group>"; };
		BD45D5DE1FAEA0250045BCA3 /* Plane.swift */ = {isa = PBXFileReference; lastKnownFileType = sourcecode.swift; path = Plane.swift; sourceTree = "<group>"; };
		BD45D5E01FAEAF380045BCA3 /* LetterBox.swift */ = {isa = PBXFileReference; lastKnownFileType = sourcecode.swift; path = LetterBox.swift; sourceTree = "<group>"; };
		BD45D5E21FAEAF4E0045BCA3 /* Cloud.swift */ = {isa = PBXFileReference; lastKnownFileType = sourcecode.swift; path = Cloud.swift; sourceTree = "<group>"; };
		BD45D5E81FAEBEAE0045BCA3 /* RingGenerator.swift */ = {isa = PBXFileReference; lastKnownFileType = sourcecode.swift; path = RingGenerator.swift; sourceTree = "<group>"; };
		BD45D5EA1FAEBFA50045BCA3 /* LetterEnum.swift */ = {isa = PBXFileReference; lastKnownFileType = sourcecode.swift; path = LetterEnum.swift; sourceTree = "<group>"; };
		BD45D5F01FAEC6050045BCA3 /* LetterRings.scn */ = {isa = PBXFileReference; lastKnownFileType = file.bplist; path = LetterRings.scn; sourceTree = "<group>"; };
		BD47BCE21FAF19A800172B04 /* EnemyGenerator.swift */ = {isa = PBXFileReference; lastKnownFileType = sourcecode.swift; path = EnemyGenerator.swift; sourceTree = "<group>"; };
		BDD98E0F1FADC0F9007F71AF /* CollisionMask.swift */ = {isa = PBXFileReference; lastKnownFileType = sourcecode.swift; path = CollisionMask.swift; sourceTree = "<group>"; };
		BDE690031FB0C100002655BB /* Structures2.scn */ = {isa = PBXFileReference; lastKnownFileType = file.bplist; path = Structures2.scn; sourceTree = "<group>"; };
		BDE690051FB0CD25002655BB /* Plan */ = {isa = PBXFileReference; lastKnownFileType = text; path = Plan; sourceTree = "<group>"; };
/* End PBXFileReference section */

/* Begin PBXFrameworksBuildPhase section */
		BD42171E1FAC2F8300DB3E0F /* Frameworks */ = {
			isa = PBXFrameworksBuildPhase;
			buildActionMask = 2147483647;
			files = (
			);
			runOnlyForDeploymentPostprocessing = 0;
		};
/* End PBXFrameworksBuildPhase section */

/* Begin PBXGroup section */
		BD0201DC1FB2BB1F008E945D /* Managers */ = {
			isa = PBXGroup;
			children = (
				BD0201DD1FB2BB2C008E945D /* LetterRingManager.swift */,
			);
			path = Managers;
			sourceTree = "<group>";
		};
		BD0201E11FB2D271008E945D /* Protocols */ = {
			isa = PBXGroup;
			children = (
			);
			path = Protocols;
			sourceTree = "<group>";
		};
		BD4217181FAC2F8300DB3E0F = {
			isa = PBXGroup;
			children = (
				BD2B113A1FAC7046006D38FB /* exhaust.scnp */,
				BD2B113B1FAC7046006D38FB /* smoke.png */,
				BD4217231FAC2F8300DB3E0F /* Mine Racer */,
				BD4217221FAC2F8300DB3E0F /* Products */,
			);
			sourceTree = "<group>";
		};
		BD4217221FAC2F8300DB3E0F /* Products */ = {
			isa = PBXGroup;
			children = (
				BD4217211FAC2F8300DB3E0F /* Mine Racer.app */,
			);
			name = Products;
			sourceTree = "<group>";
		};
		BD4217231FAC2F8300DB3E0F /* Mine Racer */ = {
			isa = PBXGroup;
			children = (
				BD0201E11FB2D271008E945D /* Protocols */,
				BD0201DC1FB2BB1F008E945D /* Managers */,
				BD45D5EF1FAEC3DF0045BCA3 /* ViewControllers */,
				BD45D5EE1FAEC3C90045BCA3 /* Characters */,
				BD45D5ED1FAEC3B30045BCA3 /* GameUtils */,
				BD45D5EC1FAEBFE00045BCA3 /* NodeGenerators */,
				BD4217241FAC2F8300DB3E0F /* AppDelegate.swift */,
				BD4217261FAC2F8300DB3E0F /* art.scnassets */,
				BD42172A1FAC2F8300DB3E0F /* Main.storyboard */,
				BD42172D1FAC2F8300DB3E0F /* Assets.xcassets */,
				BD42172F1FAC2F8300DB3E0F /* LaunchScreen.storyboard */,
				BD4217321FAC2F8300DB3E0F /* Info.plist */,
				BD45D5F01FAEC6050045BCA3 /* LetterRings.scn */,
				BDE690031FB0C100002655BB /* Structures2.scn */,
				BDE690051FB0CD25002655BB /* Plan */,
				BD34F15E1FB1C63F00750CDD /* Encounter.swift */,
			);
			path = "Mine Racer";
			sourceTree = "<group>";
		};
		BD45D5EC1FAEBFE00045BCA3 /* NodeGenerators */ = {
			isa = PBXGroup;
			children = (
				BD45D5E81FAEBEAE0045BCA3 /* RingGenerator.swift */,
				BD45D5E21FAEAF4E0045BCA3 /* Cloud.swift */,
				BD45D5E01FAEAF380045BCA3 /* LetterBox.swift */,
				BD45D5EA1FAEBFA50045BCA3 /* LetterEnum.swift */,
				BD47BCE21FAF19A800172B04 /* EnemyGenerator.swift */,
				BD34F15C1FB1C36800750CDD /* RingCreator.swift */,
			);
			path = NodeGenerators;
			sourceTree = "<group>";
		};
		BD45D5ED1FAEC3B30045BCA3 /* GameUtils */ = {
			isa = PBXGroup;
			children = (
				BDD98E0F1FADC0F9007F71AF /* CollisionMask.swift */,
				BD348C651FAD90110059F4FA /* CompassDirection.swift */,
				BD381DAD1FADBDEE008963A0 /* GameHelper.swift */,
				BD45D5DA1FAE9EE10045BCA3 /* PointOfView.swift */,
				BD34F1581FB1A62900750CDD /* BoundaryPoints.swift */,
				BD34F15A1FB1C34600750CDD /* LBPConfiguration.swift */,
			);
			path = GameUtils;
			sourceTree = "<group>";
		};
		BD45D5EE1FAEC3C90045BCA3 /* Characters */ = {
			isa = PBXGroup;
			children = (
				BD0201DA1FB2B4A8008E945D /* LetterRing.swift */,
				BD45D5DE1FAEA0250045BCA3 /* Plane.swift */,
				BD348C671FAD94910059F4FA /* BasicCharacter.swift */,
				BD0201DF1FB2D0B6008E945D /* SpaceCraft.swift */,
				BD0201E21FB2DA6B008E945D /* Turret.swift */,
				BD0201E41FB2E38A008E945D /* SpikeBall.swift */,
				BD0201E61FB2E39F008E945D /* SpikeCorridor.swift */,
			);
			path = Characters;
			sourceTree = "<group>";
		};
		BD45D5EF1FAEC3DF0045BCA3 /* ViewControllers */ = {
			isa = PBXGroup;
			children = (
				BD4217281FAC2F8300DB3E0F /* GameViewController.swift */,
				BD45D5D81FAE9D900045BCA3 /* PlaneViewController.swift */,
			);
			path = ViewControllers;
			sourceTree = "<group>";
		};
/* End PBXGroup section */

/* Begin PBXNativeTarget section */
		BD4217201FAC2F8300DB3E0F /* Mine Racer */ = {
			isa = PBXNativeTarget;
			buildConfigurationList = BD4217351FAC2F8300DB3E0F /* Build configuration list for PBXNativeTarget "Mine Racer" */;
			buildPhases = (
				BD42171D1FAC2F8300DB3E0F /* Sources */,
				BD42171E1FAC2F8300DB3E0F /* Frameworks */,
				BD42171F1FAC2F8300DB3E0F /* Resources */,
			);
			buildRules = (
			);
			dependencies = (
			);
			name = "Mine Racer";
			productName = "Mine Racer";
			productReference = BD4217211FAC2F8300DB3E0F /* Mine Racer.app */;
			productType = "com.apple.product-type.application";
		};
/* End PBXNativeTarget section */

/* Begin PBXProject section */
		BD4217191FAC2F8300DB3E0F /* Project object */ = {
			isa = PBXProject;
			attributes = {
				LastSwiftUpdateCheck = 0900;
				LastUpgradeCheck = 0900;
				ORGANIZATIONNAME = "Aleksander Makedonski";
				TargetAttributes = {
					BD4217201FAC2F8300DB3E0F = {
						CreatedOnToolsVersion = 9.0;
						ProvisioningStyle = Automatic;
					};
				};
			};
			buildConfigurationList = BD42171C1FAC2F8300DB3E0F /* Build configuration list for PBXProject "Mine Racer" */;
			compatibilityVersion = "Xcode 8.0";
			developmentRegion = en;
			hasScannedForEncodings = 0;
			knownRegions = (
				en,
				Base,
			);
			mainGroup = BD4217181FAC2F8300DB3E0F;
			productRefGroup = BD4217221FAC2F8300DB3E0F /* Products */;
			projectDirPath = "";
			projectRoot = "";
			targets = (
				BD4217201FAC2F8300DB3E0F /* Mine Racer */,
			);
		};
/* End PBXProject section */

/* Begin PBXResourcesBuildPhase section */
		BD42171F1FAC2F8300DB3E0F /* Resources */ = {
			isa = PBXResourcesBuildPhase;
			buildActionMask = 2147483647;
			files = (
				BD4217271FAC2F8300DB3E0F /* art.scnassets in Resources */,
				BD4217311FAC2F8300DB3E0F /* LaunchScreen.storyboard in Resources */,
				BD2B113D1FAC7046006D38FB /* smoke.png in Resources */,
				BD45D5F11FAEC6050045BCA3 /* LetterRings.scn in Resources */,
				BD2B113C1FAC7046006D38FB /* exhaust.scnp in Resources */,
				BD42172E1FAC2F8300DB3E0F /* Assets.xcassets in Resources */,
				BD42172C1FAC2F8300DB3E0F /* Main.storyboard in Resources */,
				BDE690061FB0CD25002655BB /* Plan in Resources */,
				BDE690041FB0C100002655BB /* Structures2.scn in Resources */,
			);
			runOnlyForDeploymentPostprocessing = 0;
		};
/* End PBXResourcesBuildPhase section */

/* Begin PBXSourcesBuildPhase section */
		BD42171D1FAC2F8300DB3E0F /* Sources */ = {
			isa = PBXSourcesBuildPhase;
			buildActionMask = 2147483647;
			files = (
				BDD98E101FADC0F9007F71AF /* CollisionMask.swift in Sources */,
				BD34F15F1FB1C63F00750CDD /* Encounter.swift in Sources */,
				BD34F1591FB1A62900750CDD /* BoundaryPoints.swift in Sources */,
				BD45D5DF1FAEA0250045BCA3 /* Plane.swift in Sources */,
				BD0201E01FB2D0B6008E945D /* SpaceCraft.swift in Sources */,
				BD0201DB1FB2B4A8008E945D /* LetterRing.swift in Sources */,
				BD45D5E31FAEAF4E0045BCA3 /* Cloud.swift in Sources */,
				BD381DAE1FADBDEE008963A0 /* GameHelper.swift in Sources */,
				BD4217291FAC2F8300DB3E0F /* GameViewController.swift in Sources */,
				BD45D5D91FAE9D900045BCA3 /* PlaneViewController.swift in Sources */,
				BD34F15B1FB1C34600750CDD /* LBPConfiguration.swift in Sources */,
				BD348C661FAD90110059F4FA /* CompassDirection.swift in Sources */,
				BD348C681FAD94910059F4FA /* BasicCharacter.swift in Sources */,
				BD34F15D1FB1C36800750CDD /* RingCreator.swift in Sources */,
				BD0201E71FB2E39F008E945D /* SpikeCorridor.swift in Sources */,
				BD0201DE1FB2BB2C008E945D /* LetterRingManager.swift in Sources */,
				BD47BCE31FAF19A800172B04 /* EnemyGenerator.swift in Sources */,
				BD45D5DB1FAE9EE10045BCA3 /* PointOfView.swift in Sources */,
				BD0201E31FB2DA6B008E945D /* Turret.swift in Sources */,
				BD45D5E91FAEBEAE0045BCA3 /* RingGenerator.swift in Sources */,
				BD4217251FAC2F8300DB3E0F /* AppDelegate.swift in Sources */,
				BD45D5EB1FAEBFA50045BCA3 /* LetterEnum.swift in Sources */,
				BD0201E51FB2E38A008E945D /* SpikeBall.swift in Sources */,
				BD45D5E11FAEAF380045BCA3 /* LetterBox.swift in Sources */,
			);
			runOnlyForDeploymentPostprocessing = 0;
		};
/* End PBXSourcesBuildPhase section */

/* Begin PBXVariantGroup section */
		BD42172A1FAC2F8300DB3E0F /* Main.storyboard */ = {
			isa = PBXVariantGroup;
			children = (
				BD42172B1FAC2F8300DB3E0F /* Base */,
			);
			name = Main.storyboard;
			sourceTree = "<group>";
		};
		BD42172F1FAC2F8300DB3E0F /* LaunchScreen.storyboard */ = {
			isa = PBXVariantGroup;
			children = (
				BD4217301FAC2F8300DB3E0F /* Base */,
			);
			name = LaunchScreen.storyboard;
			sourceTree = "<group>";
		};
/* End PBXVariantGroup section */

/* Begin XCBuildConfiguration section */
		BD4217331FAC2F8300DB3E0F /* Debug */ = {
			isa = XCBuildConfiguration;
			buildSettings = {
				ALWAYS_SEARCH_USER_PATHS = NO;
				CLANG_ANALYZER_NONNULL = YES;
				CLANG_ANALYZER_NUMBER_OBJECT_CONVERSION = YES_AGGRESSIVE;
				CLANG_CXX_LANGUAGE_STANDARD = "gnu++14";
				CLANG_CXX_LIBRARY = "libc++";
				CLANG_ENABLE_MODULES = YES;
				CLANG_ENABLE_OBJC_ARC = YES;
				CLANG_WARN_BLOCK_CAPTURE_AUTORELEASING = YES;
				CLANG_WARN_BOOL_CONVERSION = YES;
				CLANG_WARN_COMMA = YES;
				CLANG_WARN_CONSTANT_CONVERSION = YES;
				CLANG_WARN_DIRECT_OBJC_ISA_USAGE = YES_ERROR;
				CLANG_WARN_DOCUMENTATION_COMMENTS = YES;
				CLANG_WARN_EMPTY_BODY = YES;
				CLANG_WARN_ENUM_CONVERSION = YES;
				CLANG_WARN_INFINITE_RECURSION = YES;
				CLANG_WARN_INT_CONVERSION = YES;
				CLANG_WARN_NON_LITERAL_NULL_CONVERSION = YES;
				CLANG_WARN_OBJC_LITERAL_CONVERSION = YES;
				CLANG_WARN_OBJC_ROOT_CLASS = YES_ERROR;
				CLANG_WARN_RANGE_LOOP_ANALYSIS = YES;
				CLANG_WARN_STRICT_PROTOTYPES = YES;
				CLANG_WARN_SUSPICIOUS_MOVE = YES;
				CLANG_WARN_UNGUARDED_AVAILABILITY = YES_AGGRESSIVE;
				CLANG_WARN_UNREACHABLE_CODE = YES;
				CLANG_WARN__DUPLICATE_METHOD_MATCH = YES;
				CODE_SIGN_IDENTITY = "iPhone Developer";
				COPY_PHASE_STRIP = NO;
				DEBUG_INFORMATION_FORMAT = dwarf;
				ENABLE_STRICT_OBJC_MSGSEND = YES;
				ENABLE_TESTABILITY = YES;
				GCC_C_LANGUAGE_STANDARD = gnu11;
				GCC_DYNAMIC_NO_PIC = NO;
				GCC_NO_COMMON_BLOCKS = YES;
				GCC_OPTIMIZATION_LEVEL = 0;
				GCC_PREPROCESSOR_DEFINITIONS = (
					"DEBUG=1",
					"$(inherited)",
				);
				GCC_WARN_64_TO_32_BIT_CONVERSION = YES;
				GCC_WARN_ABOUT_RETURN_TYPE = YES_ERROR;
				GCC_WARN_UNDECLARED_SELECTOR = YES;
				GCC_WARN_UNINITIALIZED_AUTOS = YES_AGGRESSIVE;
				GCC_WARN_UNUSED_FUNCTION = YES;
				GCC_WARN_UNUSED_VARIABLE = YES;
				IPHONEOS_DEPLOYMENT_TARGET = 11.0;
				MTL_ENABLE_DEBUG_INFO = YES;
				ONLY_ACTIVE_ARCH = YES;
				SDKROOT = iphoneos;
				SWIFT_ACTIVE_COMPILATION_CONDITIONS = DEBUG;
				SWIFT_OPTIMIZATION_LEVEL = "-Onone";
			};
			name = Debug;
		};
		BD4217341FAC2F8300DB3E0F /* Release */ = {
			isa = XCBuildConfiguration;
			buildSettings = {
				ALWAYS_SEARCH_USER_PATHS = NO;
				CLANG_ANALYZER_NONNULL = YES;
				CLANG_ANALYZER_NUMBER_OBJECT_CONVERSION = YES_AGGRESSIVE;
				CLANG_CXX_LANGUAGE_STANDARD = "gnu++14";
				CLANG_CXX_LIBRARY = "libc++";
				CLANG_ENABLE_MODULES = YES;
				CLANG_ENABLE_OBJC_ARC = YES;
				CLANG_WARN_BLOCK_CAPTURE_AUTORELEASING = YES;
				CLANG_WARN_BOOL_CONVERSION = YES;
				CLANG_WARN_COMMA = YES;
				CLANG_WARN_CONSTANT_CONVERSION = YES;
				CLANG_WARN_DIRECT_OBJC_ISA_USAGE = YES_ERROR;
				CLANG_WARN_DOCUMENTATION_COMMENTS = YES;
				CLANG_WARN_EMPTY_BODY = YES;
				CLANG_WARN_ENUM_CONVERSION = YES;
				CLANG_WARN_INFINITE_RECURSION = YES;
				CLANG_WARN_INT_CONVERSION = YES;
				CLANG_WARN_NON_LITERAL_NULL_CONVERSION = YES;
				CLANG_WARN_OBJC_LITERAL_CONVERSION = YES;
				CLANG_WARN_OBJC_ROOT_CLASS = YES_ERROR;
				CLANG_WARN_RANGE_LOOP_ANALYSIS = YES;
				CLANG_WARN_STRICT_PROTOTYPES = YES;
				CLANG_WARN_SUSPICIOUS_MOVE = YES;
				CLANG_WARN_UNGUARDED_AVAILABILITY = YES_AGGRESSIVE;
				CLANG_WARN_UNREACHABLE_CODE = YES;
				CLANG_WARN__DUPLICATE_METHOD_MATCH = YES;
				CODE_SIGN_IDENTITY = "iPhone Developer";
				COPY_PHASE_STRIP = NO;
				DEBUG_INFORMATION_FORMAT = "dwarf-with-dsym";
				ENABLE_NS_ASSERTIONS = NO;
				ENABLE_STRICT_OBJC_MSGSEND = YES;
				GCC_C_LANGUAGE_STANDARD = gnu11;
				GCC_NO_COMMON_BLOCKS = YES;
				GCC_WARN_64_TO_32_BIT_CONVERSION = YES;
				GCC_WARN_ABOUT_RETURN_TYPE = YES_ERROR;
				GCC_WARN_UNDECLARED_SELECTOR = YES;
				GCC_WARN_UNINITIALIZED_AUTOS = YES_AGGRESSIVE;
				GCC_WARN_UNUSED_FUNCTION = YES;
				GCC_WARN_UNUSED_VARIABLE = YES;
				IPHONEOS_DEPLOYMENT_TARGET = 11.0;
				MTL_ENABLE_DEBUG_INFO = NO;
				SDKROOT = iphoneos;
				SWIFT_OPTIMIZATION_LEVEL = "-Owholemodule";
				VALIDATE_PRODUCT = YES;
			};
			name = Release;
		};
		BD4217361FAC2F8300DB3E0F /* Debug */ = {
			isa = XCBuildConfiguration;
			buildSettings = {
				ASSETCATALOG_COMPILER_APPICON_NAME = AppIcon;
				CODE_SIGN_STYLE = Automatic;
				DEVELOPMENT_TEAM = T9J39WJJ9G;
				INFOPLIST_FILE = "Mine Racer/Info.plist";
				LD_RUNPATH_SEARCH_PATHS = "$(inherited) @executable_path/Frameworks";
				PRODUCT_BUNDLE_IDENTIFIER = "ChangzhouPanda.Mine-Racer";
				PRODUCT_NAME = "$(TARGET_NAME)";
				SWIFT_VERSION = 4.0;
				TARGETED_DEVICE_FAMILY = "1,2";
			};
			name = Debug;
		};
		BD4217371FAC2F8300DB3E0F /* Release */ = {
			isa = XCBuildConfiguration;
			buildSettings = {
				ASSETCATALOG_COMPILER_APPICON_NAME = AppIcon;
				CODE_SIGN_STYLE = Automatic;
				DEVELOPMENT_TEAM = T9J39WJJ9G;
				INFOPLIST_FILE = "Mine Racer/Info.plist";
				LD_RUNPATH_SEARCH_PATHS = "$(inherited) @executable_path/Frameworks";
				PRODUCT_BUNDLE_IDENTIFIER = "ChangzhouPanda.Mine-Racer";
				PRODUCT_NAME = "$(TARGET_NAME)";
				SWIFT_VERSION = 4.0;
				TARGETED_DEVICE_FAMILY = "1,2";
			};
			name = Release;
		};
/* End XCBuildConfiguration section */

/* Begin XCConfigurationList section */
		BD42171C1FAC2F8300DB3E0F /* Build configuration list for PBXProject "Mine Racer" */ = {
			isa = XCConfigurationList;
			buildConfigurations = (
				BD4217331FAC2F8300DB3E0F /* Debug */,
				BD4217341FAC2F8300DB3E0F /* Release */,
			);
			defaultConfigurationIsVisible = 0;
			defaultConfigurationName = Release;
		};
		BD4217351FAC2F8300DB3E0F /* Build configuration list for PBXNativeTarget "Mine Racer" */ = {
			isa = XCConfigurationList;
			buildConfigurations = (
				BD4217361FAC2F8300DB3E0F /* Debug */,
				BD4217371FAC2F8300DB3E0F /* Release */,
			);
			defaultConfigurationIsVisible = 0;
			defaultConfigurationName = Release;
		};
/* End XCConfigurationList section */
	};
	rootObject = BD4217191FAC2F8300DB3E0F /* Project object */;
}
